
Microsoft Visual Studio Solution File, Format Version 12.00
# Visual Studio Version 17
VisualStudioVersion = 17.10.34928.147
MinimumVisualStudioVersion = 10.0.40219.1
Project("{2150E333-8FDC-42A3-9474-1A3956D46DE8}") = "Tests", "Tests", "{71B0F0CB-6A55-43A4-ABD9-7991585D4EB0}"
EndProject
Project("{9A19103F-16F7-4668-BE54-9A1E7A4F7556}") = "ModbusTcp", "ModbusTcp\ModbusTcp.csproj", "{C19FA9E1-A2B6-4CA6-81D9-D904E52339B4}"
EndProject
Project("{FAE04EC0-301F-11D3-BF4B-00C04F79EFBC}") = "ModbusTcpTests", "ModbusTcpTests\ModbusTcpTests.csproj", "{5B0C628E-AB86-426D-AC7F-1B5A1AD5E732}"
EndProject
Project("{2150E333-8FDC-42A3-9474-1A3956D46DE8}") = "Items", "Items", "{B8692EB4-1BF7-4B7E-B777-17D5E8FE5B2F}"
	ProjectSection(SolutionItems) = preProject
		CCGX-Modbus-TCP-register-list.xlsx = CCGX-Modbus-TCP-register-list.xlsx
		LICENSE.md = LICENSE.md
		README.md = README.md
	EndProjectSection
EndProject
Project("{FAE04EC0-301F-11D3-BF4B-00C04F79EFBC}") = "MonitoringApp", "MonitoringApp\MonitoringApp\MonitoringApp.csproj", "{8E88517D-92B6-9BA9-08C7-EDD9974E658A}"
EndProject
Project("{FAE04EC0-301F-11D3-BF4B-00C04F79EFBC}") = "MonitoringApp.Android", "MonitoringApp\MonitoringApp.Android\MonitoringApp.Android.csproj", "{59F47B38-EF3C-4E12-AA26-D5029E2381E7}"
EndProject
Project("{FAE04EC0-301F-11D3-BF4B-00C04F79EFBC}") = "MonitoringApp.iOS", "MonitoringApp\MonitoringApp.iOS\MonitoringApp.iOS.csproj", "{0C3EEACF-B54E-4BB2-A79B-F2579BFD8673}"
EndProject
Project("{FAE04EC0-301F-11D3-BF4B-00C04F79EFBC}") = "MonitoringApp.UWP", "MonitoringApp\MonitoringApp.UWP\MonitoringApp.UWP.csproj", "{9A5E5BE3-FC1F-45F8-8C64-E8BE7CF5044A}"
EndProject
Global
	GlobalSection(SolutionConfigurationPlatforms) = preSolution
		Debug|Any CPU = Debug|Any CPU
		Debug|ARM = Debug|ARM
		Debug|iPhone = Debug|iPhone
		Debug|iPhoneSimulator = Debug|iPhoneSimulator
		Debug|x64 = Debug|x64
		Debug|x86 = Debug|x86
		Release|Any CPU = Release|Any CPU
		Release|ARM = Release|ARM
		Release|iPhone = Release|iPhone
		Release|iPhoneSimulator = Release|iPhoneSimulator
		Release|x64 = Release|x64
		Release|x86 = Release|x86
	EndGlobalSection
	GlobalSection(ProjectConfigurationPlatforms) = postSolution
		{C19FA9E1-A2B6-4CA6-81D9-D904E52339B4}.Debug|Any CPU.ActiveCfg = Debug|Any CPU
		{C19FA9E1-A2B6-4CA6-81D9-D904E52339B4}.Debug|Any CPU.Build.0 = Debug|Any CPU
		{C19FA9E1-A2B6-4CA6-81D9-D904E52339B4}.Debug|ARM.ActiveCfg = Debug|Any CPU
		{C19FA9E1-A2B6-4CA6-81D9-D904E52339B4}.Debug|ARM.Build.0 = Debug|Any CPU
		{C19FA9E1-A2B6-4CA6-81D9-D904E52339B4}.Debug|iPhone.ActiveCfg = Debug|Any CPU
		{C19FA9E1-A2B6-4CA6-81D9-D904E52339B4}.Debug|iPhone.Build.0 = Debug|Any CPU
		{C19FA9E1-A2B6-4CA6-81D9-D904E52339B4}.Debug|iPhoneSimulator.ActiveCfg = Debug|Any CPU
		{C19FA9E1-A2B6-4CA6-81D9-D904E52339B4}.Debug|iPhoneSimulator.Build.0 = Debug|Any CPU
		{C19FA9E1-A2B6-4CA6-81D9-D904E52339B4}.Debug|x64.ActiveCfg = Debug|Any CPU
		{C19FA9E1-A2B6-4CA6-81D9-D904E52339B4}.Debug|x64.Build.0 = Debug|Any CPU
		{C19FA9E1-A2B6-4CA6-81D9-D904E52339B4}.Debug|x86.ActiveCfg = Debug|Any CPU
		{C19FA9E1-A2B6-4CA6-81D9-D904E52339B4}.Debug|x86.Build.0 = Debug|Any CPU
		{C19FA9E1-A2B6-4CA6-81D9-D904E52339B4}.Release|Any CPU.ActiveCfg = Release|Any CPU
		{C19FA9E1-A2B6-4CA6-81D9-D904E52339B4}.Release|Any CPU.Build.0 = Release|Any CPU
		{C19FA9E1-A2B6-4CA6-81D9-D904E52339B4}.Release|ARM.ActiveCfg = Release|Any CPU
		{C19FA9E1-A2B6-4CA6-81D9-D904E52339B4}.Release|ARM.Build.0 = Release|Any CPU
		{C19FA9E1-A2B6-4CA6-81D9-D904E52339B4}.Release|iPhone.ActiveCfg = Release|Any CPU
		{C19FA9E1-A2B6-4CA6-81D9-D904E52339B4}.Release|iPhone.Build.0 = Release|Any CPU
		{C19FA9E1-A2B6-4CA6-81D9-D904E52339B4}.Release|iPhoneSimulator.ActiveCfg = Release|Any CPU
		{C19FA9E1-A2B6-4CA6-81D9-D904E52339B4}.Release|iPhoneSimulator.Build.0 = Release|Any CPU
		{C19FA9E1-A2B6-4CA6-81D9-D904E52339B4}.Release|x64.ActiveCfg = Release|Any CPU
		{C19FA9E1-A2B6-4CA6-81D9-D904E52339B4}.Release|x64.Build.0 = Release|Any CPU
		{C19FA9E1-A2B6-4CA6-81D9-D904E52339B4}.Release|x86.ActiveCfg = Release|Any CPU
		{C19FA9E1-A2B6-4CA6-81D9-D904E52339B4}.Release|x86.Build.0 = Release|Any CPU
		{5B0C628E-AB86-426D-AC7F-1B5A1AD5E732}.Debug|Any CPU.ActiveCfg = Debug|Any CPU
		{5B0C628E-AB86-426D-AC7F-1B5A1AD5E732}.Debug|Any CPU.Build.0 = Debug|Any CPU
		{5B0C628E-AB86-426D-AC7F-1B5A1AD5E732}.Debug|ARM.ActiveCfg = Debug|Any CPU
		{5B0C628E-AB86-426D-AC7F-1B5A1AD5E732}.Debug|ARM.Build.0 = Debug|Any CPU
		{5B0C628E-AB86-426D-AC7F-1B5A1AD5E732}.Debug|iPhone.ActiveCfg = Debug|Any CPU
		{5B0C628E-AB86-426D-AC7F-1B5A1AD5E732}.Debug|iPhone.Build.0 = Debug|Any CPU
		{5B0C628E-AB86-426D-AC7F-1B5A1AD5E732}.Debug|iPhoneSimulator.ActiveCfg = Debug|Any CPU
		{5B0C628E-AB86-426D-AC7F-1B5A1AD5E732}.Debug|iPhoneSimulator.Build.0 = Debug|Any CPU
		{5B0C628E-AB86-426D-AC7F-1B5A1AD5E732}.Debug|x64.ActiveCfg = Debug|Any CPU
		{5B0C628E-AB86-426D-AC7F-1B5A1AD5E732}.Debug|x64.Build.0 = Debug|Any CPU
		{5B0C628E-AB86-426D-AC7F-1B5A1AD5E732}.Debug|x86.ActiveCfg = Debug|Any CPU
		{5B0C628E-AB86-426D-AC7F-1B5A1AD5E732}.Debug|x86.Build.0 = Debug|Any CPU
		{5B0C628E-AB86-426D-AC7F-1B5A1AD5E732}.Release|Any CPU.ActiveCfg = Release|Any CPU
		{5B0C628E-AB86-426D-AC7F-1B5A1AD5E732}.Release|ARM.ActiveCfg = Release|Any CPU
		{5B0C628E-AB86-426D-AC7F-1B5A1AD5E732}.Release|ARM.Build.0 = Release|Any CPU
		{5B0C628E-AB86-426D-AC7F-1B5A1AD5E732}.Release|iPhone.ActiveCfg = Release|Any CPU
		{5B0C628E-AB86-426D-AC7F-1B5A1AD5E732}.Release|iPhone.Build.0 = Release|Any CPU
		{5B0C628E-AB86-426D-AC7F-1B5A1AD5E732}.Release|iPhoneSimulator.ActiveCfg = Release|Any CPU
		{5B0C628E-AB86-426D-AC7F-1B5A1AD5E732}.Release|iPhoneSimulator.Build.0 = Release|Any CPU
		{5B0C628E-AB86-426D-AC7F-1B5A1AD5E732}.Release|x64.ActiveCfg = Release|Any CPU
		{5B0C628E-AB86-426D-AC7F-1B5A1AD5E732}.Release|x64.Build.0 = Release|Any CPU
		{5B0C628E-AB86-426D-AC7F-1B5A1AD5E732}.Release|x86.ActiveCfg = Release|Any CPU
		{5B0C628E-AB86-426D-AC7F-1B5A1AD5E732}.Release|x86.Build.0 = Release|Any CPU
		{8E88517D-92B6-9BA9-08C7-EDD9974E658A}.Debug|Any CPU.ActiveCfg = Debug|Any CPU
		{8E88517D-92B6-9BA9-08C7-EDD9974E658A}.Debug|Any CPU.Build.0 = Debug|Any CPU
		{8E88517D-92B6-9BA9-08C7-EDD9974E658A}.Debug|ARM.ActiveCfg = Debug|Any CPU
		{8E88517D-92B6-9BA9-08C7-EDD9974E658A}.Debug|ARM.Build.0 = Debug|Any CPU
		{8E88517D-92B6-9BA9-08C7-EDD9974E658A}.Debug|iPhone.ActiveCfg = Debug|Any CPU
		{8E88517D-92B6-9BA9-08C7-EDD9974E658A}.Debug|iPhone.Build.0 = Debug|Any CPU
		{8E88517D-92B6-9BA9-08C7-EDD9974E658A}.Debug|iPhoneSimulator.ActiveCfg = Debug|Any CPU
		{8E88517D-92B6-9BA9-08C7-EDD9974E658A}.Debug|iPhoneSimulator.Build.0 = Debug|Any CPU
		{8E88517D-92B6-9BA9-08C7-EDD9974E658A}.Debug|x64.ActiveCfg = Debug|Any CPU
		{8E88517D-92B6-9BA9-08C7-EDD9974E658A}.Debug|x64.Build.0 = Debug|Any CPU
		{8E88517D-92B6-9BA9-08C7-EDD9974E658A}.Debug|x86.ActiveCfg = Debug|Any CPU
		{8E88517D-92B6-9BA9-08C7-EDD9974E658A}.Debug|x86.Build.0 = Debug|Any CPU
		{8E88517D-92B6-9BA9-08C7-EDD9974E658A}.Release|Any CPU.ActiveCfg = Release|Any CPU
		{8E88517D-92B6-9BA9-08C7-EDD9974E658A}.Release|Any CPU.Build.0 = Release|Any CPU
		{8E88517D-92B6-9BA9-08C7-EDD9974E658A}.Release|ARM.ActiveCfg = Release|Any CPU
		{8E88517D-92B6-9BA9-08C7-EDD9974E658A}.Release|ARM.Build.0 = Release|Any CPU
		{8E88517D-92B6-9BA9-08C7-EDD9974E658A}.Release|iPhone.ActiveCfg = Release|Any CPU
		{8E88517D-92B6-9BA9-08C7-EDD9974E658A}.Release|iPhone.Build.0 = Release|Any CPU
		{8E88517D-92B6-9BA9-08C7-EDD9974E658A}.Release|iPhoneSimulator.ActiveCfg = Release|Any CPU
		{8E88517D-92B6-9BA9-08C7-EDD9974E658A}.Release|iPhoneSimulator.Build.0 = Release|Any CPU
		{8E88517D-92B6-9BA9-08C7-EDD9974E658A}.Release|x64.ActiveCfg = Release|Any CPU
		{8E88517D-92B6-9BA9-08C7-EDD9974E658A}.Release|x64.Build.0 = Release|Any CPU
		{8E88517D-92B6-9BA9-08C7-EDD9974E658A}.Release|x86.ActiveCfg = Release|Any CPU
		{8E88517D-92B6-9BA9-08C7-EDD9974E658A}.Release|x86.Build.0 = Release|Any CPU
		{59F47B38-EF3C-4E12-AA26-D5029E2381E7}.Debug|Any CPU.ActiveCfg = Debug|Any CPU
		{59F47B38-EF3C-4E12-AA26-D5029E2381E7}.Debug|Any CPU.Build.0 = Debug|Any CPU
		{59F47B38-EF3C-4E12-AA26-D5029E2381E7}.Debug|Any CPU.Deploy.0 = Debug|Any CPU
		{59F47B38-EF3C-4E12-AA26-D5029E2381E7}.Debug|ARM.ActiveCfg = Debug|Any CPU
		{59F47B38-EF3C-4E12-AA26-D5029E2381E7}.Debug|ARM.Build.0 = Debug|Any CPU
		{59F47B38-EF3C-4E12-AA26-D5029E2381E7}.Debug|ARM.Deploy.0 = Debug|Any CPU
		{59F47B38-EF3C-4E12-AA26-D5029E2381E7}.Debug|iPhone.ActiveCfg = Debug|Any CPU
		{59F47B38-EF3C-4E12-AA26-D5029E2381E7}.Debug|iPhone.Build.0 = Debug|Any CPU
		{59F47B38-EF3C-4E12-AA26-D5029E2381E7}.Debug|iPhone.Deploy.0 = Debug|Any CPU
		{59F47B38-EF3C-4E12-AA26-D5029E2381E7}.Debug|iPhoneSimulator.ActiveCfg = Debug|Any CPU
		{59F47B38-EF3C-4E12-AA26-D5029E2381E7}.Debug|iPhoneSimulator.Build.0 = Debug|Any CPU
		{59F47B38-EF3C-4E12-AA26-D5029E2381E7}.Debug|iPhoneSimulator.Deploy.0 = Debug|Any CPU
		{59F47B38-EF3C-4E12-AA26-D5029E2381E7}.Debug|x64.ActiveCfg = Debug|Any CPU
		{59F47B38-EF3C-4E12-AA26-D5029E2381E7}.Debug|x64.Build.0 = Debug|Any CPU
		{59F47B38-EF3C-4E12-AA26-D5029E2381E7}.Debug|x64.Deploy.0 = Debug|Any CPU
		{59F47B38-EF3C-4E12-AA26-D5029E2381E7}.Debug|x86.ActiveCfg = Debug|Any CPU
		{59F47B38-EF3C-4E12-AA26-D5029E2381E7}.Debug|x86.Build.0 = Debug|Any CPU
		{59F47B38-EF3C-4E12-AA26-D5029E2381E7}.Debug|x86.Deploy.0 = Debug|Any CPU
		{59F47B38-EF3C-4E12-AA26-D5029E2381E7}.Release|Any CPU.ActiveCfg = Release|Any CPU
		{59F47B38-EF3C-4E12-AA26-D5029E2381E7}.Release|Any CPU.Build.0 = Release|Any CPU
		{59F47B38-EF3C-4E12-AA26-D5029E2381E7}.Release|Any CPU.Deploy.0 = Release|Any CPU
		{59F47B38-EF3C-4E12-AA26-D5029E2381E7}.Release|ARM.ActiveCfg = Release|Any CPU
		{59F47B38-EF3C-4E12-AA26-D5029E2381E7}.Release|ARM.Build.0 = Release|Any CPU
		{59F47B38-EF3C-4E12-AA26-D5029E2381E7}.Release|ARM.Deploy.0 = Release|Any CPU
		{59F47B38-EF3C-4E12-AA26-D5029E2381E7}.Release|iPhone.ActiveCfg = Release|Any CPU
		{59F47B38-EF3C-4E12-AA26-D5029E2381E7}.Release|iPhone.Build.0 = Release|Any CPU
		{59F47B38-EF3C-4E12-AA26-D5029E2381E7}.Release|iPhone.Deploy.0 = Release|Any CPU
		{59F47B38-EF3C-4E12-AA26-D5029E2381E7}.Release|iPhoneSimulator.ActiveCfg = Release|Any CPU
		{59F47B38-EF3C-4E12-AA26-D5029E2381E7}.Release|iPhoneSimulator.Build.0 = Release|Any CPU
		{59F47B38-EF3C-4E12-AA26-D5029E2381E7}.Release|iPhoneSimulator.Deploy.0 = Release|Any CPU
		{59F47B38-EF3C-4E12-AA26-D5029E2381E7}.Release|x64.ActiveCfg = Release|Any CPU
		{59F47B38-EF3C-4E12-AA26-D5029E2381E7}.Release|x64.Build.0 = Release|Any CPU
		{59F47B38-EF3C-4E12-AA26-D5029E2381E7}.Release|x64.Deploy.0 = Release|Any CPU
		{59F47B38-EF3C-4E12-AA26-D5029E2381E7}.Release|x86.ActiveCfg = Release|Any CPU
		{59F47B38-EF3C-4E12-AA26-D5029E2381E7}.Release|x86.Build.0 = Release|Any CPU
		{59F47B38-EF3C-4E12-AA26-D5029E2381E7}.Release|x86.Deploy.0 = Release|Any CPU
		{0C3EEACF-B54E-4BB2-A79B-F2579BFD8673}.Debug|Any CPU.ActiveCfg = Debug|iPhoneSimulator
		{0C3EEACF-B54E-4BB2-A79B-F2579BFD8673}.Debug|Any CPU.Build.0 = Debug|iPhoneSimulator
		{0C3EEACF-B54E-4BB2-A79B-F2579BFD8673}.Debug|ARM.ActiveCfg = Debug|iPhoneSimulator
		{0C3EEACF-B54E-4BB2-A79B-F2579BFD8673}.Debug|ARM.Build.0 = Debug|iPhoneSimulator
		{0C3EEACF-B54E-4BB2-A79B-F2579BFD8673}.Debug|iPhone.ActiveCfg = Debug|iPhone
		{0C3EEACF-B54E-4BB2-A79B-F2579BFD8673}.Debug|iPhone.Build.0 = Debug|iPhone
		{0C3EEACF-B54E-4BB2-A79B-F2579BFD8673}.Debug|iPhoneSimulator.ActiveCfg = Debug|iPhoneSimulator
		{0C3EEACF-B54E-4BB2-A79B-F2579BFD8673}.Debug|iPhoneSimulator.Build.0 = Debug|iPhoneSimulator
		{0C3EEACF-B54E-4BB2-A79B-F2579BFD8673}.Debug|x64.ActiveCfg = Debug|iPhoneSimulator
		{0C3EEACF-B54E-4BB2-A79B-F2579BFD8673}.Debug|x64.Build.0 = Debug|iPhoneSimulator
		{0C3EEACF-B54E-4BB2-A79B-F2579BFD8673}.Debug|x86.ActiveCfg = Debug|iPhoneSimulator
		{0C3EEACF-B54E-4BB2-A79B-F2579BFD8673}.Debug|x86.Build.0 = Debug|iPhoneSimulator
		{0C3EEACF-B54E-4BB2-A79B-F2579BFD8673}.Release|Any CPU.ActiveCfg = Release|iPhoneSimulator
		{0C3EEACF-B54E-4BB2-A79B-F2579BFD8673}.Release|Any CPU.Build.0 = Release|iPhoneSimulator
		{0C3EEACF-B54E-4BB2-A79B-F2579BFD8673}.Release|ARM.ActiveCfg = Release|iPhoneSimulator
		{0C3EEACF-B54E-4BB2-A79B-F2579BFD8673}.Release|ARM.Build.0 = Release|iPhoneSimulator
		{0C3EEACF-B54E-4BB2-A79B-F2579BFD8673}.Release|iPhone.ActiveCfg = Release|iPhone
		{0C3EEACF-B54E-4BB2-A79B-F2579BFD8673}.Release|iPhone.Build.0 = Release|iPhone
		{0C3EEACF-B54E-4BB2-A79B-F2579BFD8673}.Release|iPhoneSimulator.ActiveCfg = Release|iPhoneSimulator
		{0C3EEACF-B54E-4BB2-A79B-F2579BFD8673}.Release|iPhoneSimulator.Build.0 = Release|iPhoneSimulator
		{0C3EEACF-B54E-4BB2-A79B-F2579BFD8673}.Release|x64.ActiveCfg = Release|iPhoneSimulator
		{0C3EEACF-B54E-4BB2-A79B-F2579BFD8673}.Release|x64.Build.0 = Release|iPhoneSimulator
		{0C3EEACF-B54E-4BB2-A79B-F2579BFD8673}.Release|x86.ActiveCfg = Release|iPhoneSimulator
		{0C3EEACF-B54E-4BB2-A79B-F2579BFD8673}.Release|x86.Build.0 = Release|iPhoneSimulator
		{9A5E5BE3-FC1F-45F8-8C64-E8BE7CF5044A}.Debug|Any CPU.ActiveCfg = Debug|x64
		{9A5E5BE3-FC1F-45F8-8C64-E8BE7CF5044A}.Debug|Any CPU.Build.0 = Debug|x64
		{9A5E5BE3-FC1F-45F8-8C64-E8BE7CF5044A}.Debug|Any CPU.Deploy.0 = Debug|x64
		{9A5E5BE3-FC1F-45F8-8C64-E8BE7CF5044A}.Debug|ARM.ActiveCfg = Debug|ARM
		{9A5E5BE3-FC1F-45F8-8C64-E8BE7CF5044A}.Debug|ARM.Build.0 = Debug|ARM
		{9A5E5BE3-FC1F-45F8-8C64-E8BE7CF5044A}.Debug|ARM.Deploy.0 = Debug|ARM
		{9A5E5BE3-FC1F-45F8-8C64-E8BE7CF5044A}.Debug|iPhone.ActiveCfg = Debug|x64
		{9A5E5BE3-FC1F-45F8-8C64-E8BE7CF5044A}.Debug|iPhone.Build.0 = Debug|x64
		{9A5E5BE3-FC1F-45F8-8C64-E8BE7CF5044A}.Debug|iPhone.Deploy.0 = Debug|x64
		{9A5E5BE3-FC1F-45F8-8C64-E8BE7CF5044A}.Debug|iPhoneSimulator.ActiveCfg = Debug|x64
		{9A5E5BE3-FC1F-45F8-8C64-E8BE7CF5044A}.Debug|iPhoneSimulator.Build.0 = Debug|x64
		{9A5E5BE3-FC1F-45F8-8C64-E8BE7CF5044A}.Debug|iPhoneSimulator.Deploy.0 = Debug|x64
		{9A5E5BE3-FC1F-45F8-8C64-E8BE7CF5044A}.Debug|x64.ActiveCfg = Debug|x64
		{9A5E5BE3-FC1F-45F8-8C64-E8BE7CF5044A}.Debug|x64.Build.0 = Debug|x64
		{9A5E5BE3-FC1F-45F8-8C64-E8BE7CF5044A}.Debug|x64.Deploy.0 = Debug|x64
		{9A5E5BE3-FC1F-45F8-8C64-E8BE7CF5044A}.Debug|x86.ActiveCfg = Debug|x86
		{9A5E5BE3-FC1F-45F8-8C64-E8BE7CF5044A}.Debug|x86.Build.0 = Debug|x86
		{9A5E5BE3-FC1F-45F8-8C64-E8BE7CF5044A}.Debug|x86.Deploy.0 = Debug|x86
		{9A5E5BE3-FC1F-45F8-8C64-E8BE7CF5044A}.Release|Any CPU.ActiveCfg = Release|x64
		{9A5E5BE3-FC1F-45F8-8C64-E8BE7CF5044A}.Release|Any CPU.Build.0 = Release|x64
		{9A5E5BE3-FC1F-45F8-8C64-E8BE7CF5044A}.Release|Any CPU.Deploy.0 = Release|x64
		{9A5E5BE3-FC1F-45F8-8C64-E8BE7CF5044A}.Release|ARM.ActiveCfg = Release|ARM
		{9A5E5BE3-FC1F-45F8-8C64-E8BE7CF5044A}.Release|ARM.Build.0 = Release|ARM
		{9A5E5BE3-FC1F-45F8-8C64-E8BE7CF5044A}.Release|ARM.Deploy.0 = Release|ARM
		{9A5E5BE3-FC1F-45F8-8C64-E8BE7CF5044A}.Release|iPhone.ActiveCfg = Release|x64
		{9A5E5BE3-FC1F-45F8-8C64-E8BE7CF5044A}.Release|iPhone.Build.0 = Release|x64
		{9A5E5BE3-FC1F-45F8-8C64-E8BE7CF5044A}.Release|iPhone.Deploy.0 = Release|x64
		{9A5E5BE3-FC1F-45F8-8C64-E8BE7CF5044A}.Release|iPhoneSimulator.ActiveCfg = Release|x64
		{9A5E5BE3-FC1F-45F8-8C64-E8BE7CF5044A}.Release|iPhoneSimulator.Build.0 = Release|x64
		{9A5E5BE3-FC1F-45F8-8C64-E8BE7CF5044A}.Release|iPhoneSimulator.Deploy.0 = Release|x64
		{9A5E5BE3-FC1F-45F8-8C64-E8BE7CF5044A}.Release|x64.ActiveCfg = Release|x64
		{9A5E5BE3-FC1F-45F8-8C64-E8BE7CF5044A}.Release|x64.Build.0 = Release|x64
		{9A5E5BE3-FC1F-45F8-8C64-E8BE7CF5044A}.Release|x64.Deploy.0 = Release|x64
		{9A5E5BE3-FC1F-45F8-8C64-E8BE7CF5044A}.Release|x86.ActiveCfg = Release|x86
		{9A5E5BE3-FC1F-45F8-8C64-E8BE7CF5044A}.Release|x86.Build.0 = Release|x86
		{9A5E5BE3-FC1F-45F8-8C64-E8BE7CF5044A}.Release|x86.Deploy.0 = Release|x86
	EndGlobalSection
	GlobalSection(SolutionProperties) = preSolution
		HideSolutionNode = FALSE
	EndGlobalSection
	GlobalSection(NestedProjects) = preSolution
		{5B0C628E-AB86-426D-AC7F-1B5A1AD5E732} = {71B0F0CB-6A55-43A4-ABD9-7991585D4EB0}
	EndGlobalSection
	GlobalSection(ExtensibilityGlobals) = postSolution
		SolutionGuid = {5E64BC8D-C6E5-497F-AD2A-25C3FBF1C40E}
	EndGlobalSection
EndGlobal
